
Microsoft Visual Studio Solution File, Format Version 12.00
# Visual Studio Version 17
VisualStudioVersion = 17.3.32929.385
MinimumVisualStudioVersion = 10.0.40219.1
Project("{FAE04EC0-301F-11D3-BF4B-00C04F79EFBC}") = "IS_Lab4", "IS_Lab4.csproj", "{C83B9D7A-8C29-43FB-B7D7-1679EC440E0B}"
EndProject
Global
	GlobalSection(SolutionConfigurationPlatforms) = preSolution
		Debug|Any CPU = Debug|Any CPU
		Release|Any CPU = Release|Any CPU
	EndGlobalSection
	GlobalSection(ProjectConfigurationPlatforms) = postSolution
		{C83B9D7A-8C29-43FB-B7D7-1679EC440E0B}.Debug|Any CPU.ActiveCfg = Debug|Any CPU
		{C83B9D7A-8C29-43FB-B7D7-1679EC440E0B}.Debug|Any CPU.Build.0 = Debug|Any CPU
		{C83B9D7A-8C29-43FB-B7D7-1679EC440E0B}.Release|Any CPU.ActiveCfg = Release|Any CPU
		{C83B9D7A-8C29-43FB-B7D7-1679EC440E0B}.Release|Any CPU.Build.0 = Release|Any CPU
	EndGlobalSection
	GlobalSection(SolutionProperties) = preSolution
		HideSolutionNode = FALSE
	EndGlobalSection
	GlobalSection(ExtensibilityGlobals) = postSolution
		SolutionGuid = {66088AA3-E9E9-4126-808B-ACBFB861D649}
	EndGlobalSection
EndGlobal
